Microsoft Visual Studio Solution File, Format Version 12.00
# Visual Studio Version 17
VisualStudioVersion = 17.5.2.0
MinimumVisualStudioVersion = 10.0.40219.1
Project("{FAE04EC0-301F-11D3-BF4B-00C04F79EFBC}") = "Hospedagem", "Hospedagem.csproj", "{A3891277-98C6-D858-CDD1-357E400EBAC1}"
EndProject
Global
	GlobalSection(SolutionConfigurationPlatforms) = preSolution
		Debug|Any CPU = Debug|Any CPU
		Release|Any CPU = Release|Any CPU
	EndGlobalSection
	GlobalSection(ProjectConfigurationPlatforms) = postSolution
		{A3891277-98C6-D858-CDD1-357E400EBAC1}.Debug|Any CPU.ActiveCfg = Debug|Any CPU
		{A3891277-98C6-D858-CDD1-357E400EBAC1}.Debug|Any CPU.Build.0 = Debug|Any CPU
		{A3891277-98C6-D858-CDD1-357E400EBAC1}.Release|Any CPU.ActiveCfg = Release|Any CPU
		{A3891277-98C6-D858-CDD1-357E400EBAC1}.Release|Any CPU.Build.0 = Release|Any CPU
	EndGlobalSection
	GlobalSection(SolutionProperties) = preSolution
		HideSolutionNode = FALSE
	EndGlobalSection
	GlobalSection(ExtensibilityGlobals) = postSolution
		SolutionGuid = {23539C90-4C08-4322-995C-6C258EF215E0}
	EndGlobalSection
EndGlobal
